
Microsoft Visual Studio Solution File, Format Version 12.00
# Visual Studio 2013
VisualStudioVersion = 12.0.30501.0
MinimumVisualStudioVersion = 10.0.40219.1
Project("{FAE04EC0-301F-11D3-BF4B-00C04F79EFBC}") = "TrackingApp", "TrackingApp\TrackingApp.csproj", "{669B4266-BDDE-40C6-8826-9D17151D127C}"
EndProject
Project("{FAE04EC0-301F-11D3-BF4B-00C04F79EFBC}") = "TrekBuddy.AudioPlaybackAgent", "AudioPlaybackAgent\TrekBuddy.AudioPlaybackAgent.csproj", "{8268AFF2-84DC-4D04-975C-8566D2A984B1}"
EndProject
Project("{FAE04EC0-301F-11D3-BF4B-00C04F79EFBC}") = "TrekBuddy.Midlet", "TrekBuddy.Java\TrekBuddy.Midlet.csproj", "{F3C959E1-4A75-4F64-A0A1-FD6B881471E8}"
EndProject
Project("{FAE04EC0-301F-11D3-BF4B-00C04F79EFBC}") = "Xmlvm", "Xmlvm\Xmlvm.csproj", "{78C74168-EF21-4D1D-BD91-8B0B620CBF59}"
EndProject
Project("{FAE04EC0-301F-11D3-BF4B-00C04F79EFBC}") = "CodenameOne", "CodenameOne\CodenameOne.csproj", "{720B04B9-7C0E-4CA3-82E9-26FD7D9A3D76}"
EndProject
Project("{2150E333-8FDC-42A3-9474-1A3956D46DE8}") = "Solution Items", "Solution Items", "{6C0FE747-BA8A-411D-BD79-E8F059A7216B}"
EndProject
Project("{FAE04EC0-301F-11D3-BF4B-00C04F79EFBC}") = "CodenameOne-shrinked", "CodenameOne-shrinked\CodenameOne-shrinked.csproj", "{4B70FF7A-9F37-41FA-8BFD-D6C3E8BB026B}"
EndProject
Global
	GlobalSection(SolutionConfigurationPlatforms) = preSolution
		Debug|Any CPU = Debug|Any CPU
		Debug|ARM = Debug|ARM
		Debug|x86 = Debug|x86
		Release ARM|Any CPU = Release ARM|Any CPU
		Release ARM|ARM = Release ARM|ARM
		Release ARM|x86 = Release ARM|x86
		Release|Any CPU = Release|Any CPU
		Release|ARM = Release|ARM
		Release|x86 = Release|x86
	EndGlobalSection
	GlobalSection(ProjectConfigurationPlatforms) = postSolution
		{669B4266-BDDE-40C6-8826-9D17151D127C}.Debug|Any CPU.ActiveCfg = Debug|Any CPU
		{669B4266-BDDE-40C6-8826-9D17151D127C}.Debug|Any CPU.Build.0 = Debug|Any CPU
		{669B4266-BDDE-40C6-8826-9D17151D127C}.Debug|Any CPU.Deploy.0 = Debug|Any CPU
		{669B4266-BDDE-40C6-8826-9D17151D127C}.Debug|ARM.ActiveCfg = Debug|ARM
		{669B4266-BDDE-40C6-8826-9D17151D127C}.Debug|ARM.Build.0 = Debug|ARM
		{669B4266-BDDE-40C6-8826-9D17151D127C}.Debug|ARM.Deploy.0 = Debug|ARM
		{669B4266-BDDE-40C6-8826-9D17151D127C}.Debug|x86.ActiveCfg = Debug|x86
		{669B4266-BDDE-40C6-8826-9D17151D127C}.Debug|x86.Build.0 = Debug|x86
		{669B4266-BDDE-40C6-8826-9D17151D127C}.Debug|x86.Deploy.0 = Debug|x86
		{669B4266-BDDE-40C6-8826-9D17151D127C}.Release ARM|Any CPU.ActiveCfg = Release ARM|ARM
		{669B4266-BDDE-40C6-8826-9D17151D127C}.Release ARM|Any CPU.Build.0 = Release ARM|ARM
		{669B4266-BDDE-40C6-8826-9D17151D127C}.Release ARM|Any CPU.Deploy.0 = Release ARM|ARM
		{669B4266-BDDE-40C6-8826-9D17151D127C}.Release ARM|ARM.ActiveCfg = Release ARM|ARM
		{669B4266-BDDE-40C6-8826-9D17151D127C}.Release ARM|ARM.Build.0 = Release ARM|ARM
		{669B4266-BDDE-40C6-8826-9D17151D127C}.Release ARM|ARM.Deploy.0 = Release ARM|ARM
		{669B4266-BDDE-40C6-8826-9D17151D127C}.Release ARM|x86.ActiveCfg = Release ARM|x86
		{669B4266-BDDE-40C6-8826-9D17151D127C}.Release ARM|x86.Build.0 = Release ARM|x86
		{669B4266-BDDE-40C6-8826-9D17151D127C}.Release ARM|x86.Deploy.0 = Release ARM|x86
		{669B4266-BDDE-40C6-8826-9D17151D127C}.Release|Any CPU.ActiveCfg = Release|Any CPU
		{669B4266-BDDE-40C6-8826-9D17151D127C}.Release|Any CPU.Build.0 = Release|Any CPU
		{669B4266-BDDE-40C6-8826-9D17151D127C}.Release|Any CPU.Deploy.0 = Release|Any CPU
		{669B4266-BDDE-40C6-8826-9D17151D127C}.Release|ARM.ActiveCfg = Release|ARM
		{669B4266-BDDE-40C6-8826-9D17151D127C}.Release|ARM.Build.0 = Release|ARM
		{669B4266-BDDE-40C6-8826-9D17151D127C}.Release|ARM.Deploy.0 = Release|ARM
		{669B4266-BDDE-40C6-8826-9D17151D127C}.Release|x86.ActiveCfg = Release|x86
		{669B4266-BDDE-40C6-8826-9D17151D127C}.Release|x86.Build.0 = Release|x86
		{669B4266-BDDE-40C6-8826-9D17151D127C}.Release|x86.Deploy.0 = Release|x86
		{8268AFF2-84DC-4D04-975C-8566D2A984B1}.Debug|Any CPU.ActiveCfg = Debug|Any CPU
		{8268AFF2-84DC-4D04-975C-8566D2A984B1}.Debug|Any CPU.Build.0 = Debug|Any CPU
		{8268AFF2-84DC-4D04-975C-8566D2A984B1}.Debug|ARM.ActiveCfg = Debug|ARM
		{8268AFF2-84DC-4D04-975C-8566D2A984B1}.Debug|ARM.Build.0 = Debug|ARM
		{8268AFF2-84DC-4D04-975C-8566D2A984B1}.Debug|x86.ActiveCfg = Debug|x86
		{8268AFF2-84DC-4D04-975C-8566D2A984B1}.Debug|x86.Build.0 = Debug|x86
		{8268AFF2-84DC-4D04-975C-8566D2A984B1}.Release ARM|Any CPU.ActiveCfg = Release|Any CPU
		{8268AFF2-84DC-4D04-975C-8566D2A984B1}.Release ARM|Any CPU.Build.0 = Release|Any CPU
		{8268AFF2-84DC-4D04-975C-8566D2A984B1}.Release ARM|ARM.ActiveCfg = Release|ARM
		{8268AFF2-84DC-4D04-975C-8566D2A984B1}.Release ARM|ARM.Build.0 = Release|ARM
		{8268AFF2-84DC-4D04-975C-8566D2A984B1}.Release ARM|x86.ActiveCfg = Release|x86
		{8268AFF2-84DC-4D04-975C-8566D2A984B1}.Release ARM|x86.Build.0 = Release|x86
		{8268AFF2-84DC-4D04-975C-8566D2A984B1}.Release|Any CPU.ActiveCfg = Release|Any CPU
		{8268AFF2-84DC-4D04-975C-8566D2A984B1}.Release|Any CPU.Build.0 = Release|Any CPU
		{8268AFF2-84DC-4D04-975C-8566D2A984B1}.Release|ARM.ActiveCfg = Release|ARM
		{8268AFF2-84DC-4D04-975C-8566D2A984B1}.Release|ARM.Build.0 = Release|ARM
		{8268AFF2-84DC-4D04-975C-8566D2A984B1}.Release|x86.ActiveCfg = Release|x86
		{8268AFF2-84DC-4D04-975C-8566D2A984B1}.Release|x86.Build.0 = Release|x86
		{F3C959E1-4A75-4F64-A0A1-FD6B881471E8}.Debug|Any CPU.ActiveCfg = Debug|Any CPU
		{F3C959E1-4A75-4F64-A0A1-FD6B881471E8}.Debug|Any CPU.Build.0 = Debug|Any CPU
		{F3C959E1-4A75-4F64-A0A1-FD6B881471E8}.Debug|ARM.ActiveCfg = Debug|ARM
		{F3C959E1-4A75-4F64-A0A1-FD6B881471E8}.Debug|ARM.Build.0 = Debug|ARM
		{F3C959E1-4A75-4F64-A0A1-FD6B881471E8}.Debug|x86.ActiveCfg = Debug|x86
		{F3C959E1-4A75-4F64-A0A1-FD6B881471E8}.Debug|x86.Build.0 = Debug|x86
		{F3C959E1-4A75-4F64-A0A1-FD6B881471E8}.Release ARM|Any CPU.ActiveCfg = Release|Any CPU
		{F3C959E1-4A75-4F64-A0A1-FD6B881471E8}.Release ARM|Any CPU.Build.0 = Release|Any CPU
		{F3C959E1-4A75-4F64-A0A1-FD6B881471E8}.Release ARM|ARM.ActiveCfg = Release|ARM
		{F3C959E1-4A75-4F64-A0A1-FD6B881471E8}.Release ARM|ARM.Build.0 = Release|ARM
		{F3C959E1-4A75-4F64-A0A1-FD6B881471E8}.Release ARM|x86.ActiveCfg = Release|x86
		{F3C959E1-4A75-4F64-A0A1-FD6B881471E8}.Release ARM|x86.Build.0 = Release|x86
		{F3C959E1-4A75-4F64-A0A1-FD6B881471E8}.Release|Any CPU.ActiveCfg = Release|Any CPU
		{F3C959E1-4A75-4F64-A0A1-FD6B881471E8}.Release|Any CPU.Build.0 = Release|Any CPU
		{F3C959E1-4A75-4F64-A0A1-FD6B881471E8}.Release|ARM.ActiveCfg = Release|ARM
		{F3C959E1-4A75-4F64-A0A1-FD6B881471E8}.Release|ARM.Build.0 = Release|ARM
		{F3C959E1-4A75-4F64-A0A1-FD6B881471E8}.Release|x86.ActiveCfg = Release|x86
		{F3C959E1-4A75-4F64-A0A1-FD6B881471E8}.Release|x86.Build.0 = Release|x86
		{78C74168-EF21-4D1D-BD91-8B0B620CBF59}.Debug|Any CPU.ActiveCfg = Debug|Any CPU
		{78C74168-EF21-4D1D-BD91-8B0B620CBF59}.Debug|Any CPU.Build.0 = Debug|Any CPU
		{78C74168-EF21-4D1D-BD91-8B0B620CBF59}.Debug|ARM.ActiveCfg = Debug|ARM
		{78C74168-EF21-4D1D-BD91-8B0B620CBF59}.Debug|ARM.Build.0 = Debug|ARM
		{78C74168-EF21-4D1D-BD91-8B0B620CBF59}.Debug|x86.ActiveCfg = Debug|x86
		{78C74168-EF21-4D1D-BD91-8B0B620CBF59}.Debug|x86.Build.0 = Debug|x86
		{78C74168-EF21-4D1D-BD91-8B0B620CBF59}.Release ARM|Any CPU.ActiveCfg = Release|Any CPU
		{78C74168-EF21-4D1D-BD91-8B0B620CBF59}.Release ARM|Any CPU.Build.0 = Release|Any CPU
		{78C74168-EF21-4D1D-BD91-8B0B620CBF59}.Release ARM|ARM.ActiveCfg = Release|ARM
		{78C74168-EF21-4D1D-BD91-8B0B620CBF59}.Release ARM|ARM.Build.0 = Release|ARM
		{78C74168-EF21-4D1D-BD91-8B0B620CBF59}.Release ARM|x86.ActiveCfg = Release|x86
		{78C74168-EF21-4D1D-BD91-8B0B620CBF59}.Release ARM|x86.Build.0 = Release|x86
		{78C74168-EF21-4D1D-BD91-8B0B620CBF59}.Release|Any CPU.ActiveCfg = Release|Any CPU
		{78C74168-EF21-4D1D-BD91-8B0B620CBF59}.Release|Any CPU.Build.0 = Release|Any CPU
		{78C74168-EF21-4D1D-BD91-8B0B620CBF59}.Release|ARM.ActiveCfg = Release|ARM
		{78C74168-EF21-4D1D-BD91-8B0B620CBF59}.Release|ARM.Build.0 = Release|ARM
		{78C74168-EF21-4D1D-BD91-8B0B620CBF59}.Release|x86.ActiveCfg = Release|x86
		{78C74168-EF21-4D1D-BD91-8B0B620CBF59}.Release|x86.Build.0 = Release|x86
		{720B04B9-7C0E-4CA3-82E9-26FD7D9A3D76}.Debug|Any CPU.ActiveCfg = Debug|Any CPU
		{720B04B9-7C0E-4CA3-82E9-26FD7D9A3D76}.Debug|Any CPU.Build.0 = Debug|Any CPU
		{720B04B9-7C0E-4CA3-82E9-26FD7D9A3D76}.Debug|ARM.ActiveCfg = Debug|ARM
		{720B04B9-7C0E-4CA3-82E9-26FD7D9A3D76}.Debug|ARM.Build.0 = Debug|ARM
		{720B04B9-7C0E-4CA3-82E9-26FD7D9A3D76}.Debug|x86.ActiveCfg = Debug|x86
		{720B04B9-7C0E-4CA3-82E9-26FD7D9A3D76}.Debug|x86.Build.0 = Debug|x86
		{720B04B9-7C0E-4CA3-82E9-26FD7D9A3D76}.Release ARM|Any CPU.ActiveCfg = Release|Any CPU
		{720B04B9-7C0E-4CA3-82E9-26FD7D9A3D76}.Release ARM|Any CPU.Build.0 = Release|Any CPU
		{720B04B9-7C0E-4CA3-82E9-26FD7D9A3D76}.Release ARM|ARM.ActiveCfg = Release|ARM
		{720B04B9-7C0E-4CA3-82E9-26FD7D9A3D76}.Release ARM|ARM.Build.0 = Release|ARM
		{720B04B9-7C0E-4CA3-82E9-26FD7D9A3D76}.Release ARM|x86.ActiveCfg = Release|x86
		{720B04B9-7C0E-4CA3-82E9-26FD7D9A3D76}.Release ARM|x86.Build.0 = Release|x86
		{720B04B9-7C0E-4CA3-82E9-26FD7D9A3D76}.Release|Any CPU.ActiveCfg = Release|Any CPU
		{720B04B9-7C0E-4CA3-82E9-26FD7D9A3D76}.Release|Any CPU.Build.0 = Release|Any CPU
		{720B04B9-7C0E-4CA3-82E9-26FD7D9A3D76}.Release|ARM.ActiveCfg = Release|ARM
		{720B04B9-7C0E-4CA3-82E9-26FD7D9A3D76}.Release|ARM.Build.0 = Release|ARM
		{720B04B9-7C0E-4CA3-82E9-26FD7D9A3D76}.Release|x86.ActiveCfg = Release|x86
		{720B04B9-7C0E-4CA3-82E9-26FD7D9A3D76}.Release|x86.Build.0 = Release|x86
		{4B70FF7A-9F37-41FA-8BFD-D6C3E8BB026B}.Debug|Any CPU.ActiveCfg = Debug|Any CPU
		{4B70FF7A-9F37-41FA-8BFD-D6C3E8BB026B}.Debug|Any CPU.Build.0 = Debug|Any CPU
		{4B70FF7A-9F37-41FA-8BFD-D6C3E8BB026B}.Debug|ARM.ActiveCfg = Debug|ARM
		{4B70FF7A-9F37-41FA-8BFD-D6C3E8BB026B}.Debug|ARM.Build.0 = Debug|ARM
		{4B70FF7A-9F37-41FA-8BFD-D6C3E8BB026B}.Debug|x86.ActiveCfg = Debug|x86
		{4B70FF7A-9F37-41FA-8BFD-D6C3E8BB026B}.Debug|x86.Build.0 = Debug|x86
		{4B70FF7A-9F37-41FA-8BFD-D6C3E8BB026B}.Release ARM|Any CPU.ActiveCfg = Release|Any CPU
		{4B70FF7A-9F37-41FA-8BFD-D6C3E8BB026B}.Release ARM|Any CPU.Build.0 = Release|Any CPU
		{4B70FF7A-9F37-41FA-8BFD-D6C3E8BB026B}.Release ARM|ARM.ActiveCfg = Release|ARM
		{4B70FF7A-9F37-41FA-8BFD-D6C3E8BB026B}.Release ARM|ARM.Build.0 = Release|ARM
		{4B70FF7A-9F37-41FA-8BFD-D6C3E8BB026B}.Release ARM|x86.ActiveCfg = Release|x86
		{4B70FF7A-9F37-41FA-8BFD-D6C3E8BB026B}.Release ARM|x86.Build.0 = Release|x86
		{4B70FF7A-9F37-41FA-8BFD-D6C3E8BB026B}.Release|Any CPU.ActiveCfg = Release|Any CPU
		{4B70FF7A-9F37-41FA-8BFD-D6C3E8BB026B}.Release|Any CPU.Build.0 = Release|Any CPU
		{4B70FF7A-9F37-41FA-8BFD-D6C3E8BB026B}.Release|ARM.ActiveCfg = Release|ARM
		{4B70FF7A-9F37-41FA-8BFD-D6C3E8BB026B}.Release|ARM.Build.0 = Release|ARM
		{4B70FF7A-9F37-41FA-8BFD-D6C3E8BB026B}.Release|x86.ActiveCfg = Release|x86
		{4B70FF7A-9F37-41FA-8BFD-D6C3E8BB026B}.Release|x86.Build.0 = Release|x86
	EndGlobalSection
	GlobalSection(SolutionProperties) = preSolution
		HideSolutionNode = FALSE
	EndGlobalSection
EndGlobal
